<?xml version="1.0" encoding="utf-8"?>
<Project ToolsVersion="4.0" xmlns="http://schemas.microsoft.com/developer/msbuild/2003">
  <ItemGroup>
    <Filter Include="Source Files">
      <UniqueIdentifier>{4FC737F1-C7A5-4376-A066-2A32D752A2FF}</UniqueIdentifier>
      <Extensions>cpp;c;cc;cxx;c++;cppm;ixx;def;odl;idl;hpj;bat;asm;asmx</Extensions>
    </Filter>
    <Filter Include="Header Files">
      <UniqueIdentifier>{93995380-89BD-4b04-88EB-625FBE52EBFB}</UniqueIdentifier>
      <Extensions>h;hh;hpp;hxx;h++;hm;inl;inc;ipp;xsd</Extensions>
    </Filter>
    <Filter Include="Resource Files">
      <UniqueIdentifier>{67DA6AB6-F800-4c08-8B7A-83BB121AAD01}</UniqueIdentifier>
      <Extensions>rc;ico;cur;bmp;dlg;rc2;rct;bin;rgs;gif;jpg;jpeg;jpe;resx;tiff;tif;png;wav;mfcribbon-ms</Extensions>
    </Filter>
    <Filter Include="HookMap">
      <UniqueIdentifier>{f429e811-637f-45b0-ab83-d356f2b51dec}</UniqueIdentifier>
    </Filter>
    <Filter Include="Entity">
      <UniqueIdentifier>{f0a425b7-6639-4438-b923-2eb805328f08}</UniqueIdentifier>
    </Filter>
    <Filter Include="Knesis">
      <UniqueIdentifier>{c6a29f44-0dfb-4f01-8cbf-b05970c65a62}</UniqueIdentifier>
    </Filter>
    <Filter Include="OS">
      <UniqueIdentifier>{a6c12bc2-51fc-4741-adc0-d3fe7109bc5f}</UniqueIdentifier>
    </Filter>
  </ItemGroup>
  <ItemGroup>
    <ClCompile Include="AutoBot.cpp">
      <Filter>Source Files</Filter>
    </ClCompile>
    <ClCompile Include="Behaviour.h">
      <Filter>HookMap</Filter>
    </ClCompile>
    <ClCompile Include="HookMap.cpp">
      <Filter>HookMap</Filter>
    </ClCompile>
    <ClCompile Include="Behaviour.cpp">
      <Filter>Source Files</Filter>
    </ClCompile>
  </ItemGroup>
  <ItemGroup>
    <ClInclude Include="Actor.h">
      <Filter>Entity</Filter>
    </ClInclude>
    <ClInclude Include="Drain.h">
      <Filter>Knesis</Filter>
    </ClInclude>
    <ClInclude Include="Knesis.h">
      <Filter>Knesis</Filter>
    </ClInclude>
    <ClInclude Include="OpenBSD.h">
      <Filter>OS</Filter>
    </ClInclude>
  </ItemGroup>
</Project>